
Microsoft Visual Studio Solution File, Format Version 12.00
# Visual Studio Version 16
VisualStudioVersion = 16.0.29926.136
MinimumVisualStudioVersion = 10.0.40219.1
Project("{FAE04EC0-301F-11D3-BF4B-00C04F79EFBC}") = "DemoWebApplication", "DemoWebApplication\DemoWebApplication.csproj", "{57501E84-37C5-4858-90FD-17B033FFF821}"
EndProject
Project("{FAE04EC0-301F-11D3-BF4B-00C04F79EFBC}") = "DemoTestProject", "DemoTestProject\DemoTestProject.csproj", "{2CC11E62-56CA-4512-9888-84ABCB2202D2}"
EndProject
Global
	GlobalSection(SolutionConfigurationPlatforms) = preSolution
		Debug|Any CPU = Debug|Any CPU
		Release|Any CPU = Release|Any CPU
	EndGlobalSection
	GlobalSection(ProjectConfigurationPlatforms) = postSolution
		{57501E84-37C5-4858-90FD-17B033FFF821}.Debug|Any CPU.ActiveCfg = Debug|Any CPU
		{57501E84-37C5-4858-90FD-17B033FFF821}.Debug|Any CPU.Build.0 = Debug|Any CPU
		{57501E84-37C5-4858-90FD-17B033FFF821}.Release|Any CPU.ActiveCfg = Release|Any CPU
		{57501E84-37C5-4858-90FD-17B033FFF821}.Release|Any CPU.Build.0 = Release|Any CPU
		{2CC11E62-56CA-4512-9888-84ABCB2202D2}.Debug|Any CPU.ActiveCfg = Debug|Any CPU
		{2CC11E62-56CA-4512-9888-84ABCB2202D2}.Debug|Any CPU.Build.0 = Debug|Any CPU
		{2CC11E62-56CA-4512-9888-84ABCB2202D2}.Release|Any CPU.ActiveCfg = Release|Any CPU
		{2CC11E62-56CA-4512-9888-84ABCB2202D2}.Release|Any CPU.Build.0 = Release|Any CPU
	EndGlobalSection
	GlobalSection(SolutionProperties) = preSolution
		HideSolutionNode = FALSE
	EndGlobalSection
	GlobalSection(ExtensibilityGlobals) = postSolution
		SolutionGuid = {C691D68B-F250-4F8C-BCF0-66AE1C1F1754}
	EndGlobalSection
EndGlobal
